
Microsoft Visual Studio Solution File, Format Version 12.00
# Visual Studio Version 17
VisualStudioVersion = 17.0.31903.59
MinimumVisualStudioVersion = 10.0.40219.1
Project("{2150E333-8FDC-42A3-9474-1A3956D46DE8}") = "src", "src", "{827E0CD3-B72D-47B6-A68D-7590B98EB39B}"
EndProject
Project("{FAE04EC0-301F-11D3-BF4B-00C04F79EFBC}") = "RetroBoard.Api", "src\RetroBoard.Api\RetroBoard.Api.csproj", "{A42EA4CF-C33E-4030-ABCE-48396D9A4336}"
EndProject
Project("{FAE04EC0-301F-11D3-BF4B-00C04F79EFBC}") = "RetroBoard.Application", "src\RetroBoard.Application\RetroBoard.Application.csproj", "{60051A8B-8709-4B48-9BFD-9ABEC5388076}"
EndProject
Project("{FAE04EC0-301F-11D3-BF4B-00C04F79EFBC}") = "RetroBoard.Domain", "src\RetroBoard.Domain\RetroBoard.Domain.csproj", "{2AF7B49F-6956-40A0-948C-5EEE8FB96A87}"
EndProject
Project("{FAE04EC0-301F-11D3-BF4B-00C04F79EFBC}") = "RetroBoard.Infrastructure", "src\RetroBoard.Infrastructure\RetroBoard.Infrastructure.csproj", "{1F006D55-66C1-459D-9BE7-651E90A11865}"
EndProject
Project("{FAE04EC0-301F-11D3-BF4B-00C04F79EFBC}") = "RetroBoard.Api.Tests", "tests\RetroBoard.Api.Tests\RetroBoard.Api.Tests.csproj", "{E4A9DA2F-57A2-41E3-8560-BDAA0AAE94C7}"
EndProject
Project("{FAE04EC0-301F-11D3-BF4B-00C04F79EFBC}") = "RetroBoard.Application.Tests", "tests\RetroBoard.Application.Tests\RetroBoard.Application.Tests.csproj", "{F9964618-EBAD-4002-B80D-AA7E6AD61B85}"
EndProject
Project("{FAE04EC0-301F-11D3-BF4B-00C04F79EFBC}") = "RetroBoard.Domain.Tests", "tests\RetroBoard.Domain.Tests\RetroBoard.Domain.Tests.csproj", "{E133A8D5-B979-44C0-BE71-B3CFE55C39AA}"
EndProject
Global
	GlobalSection(SolutionConfigurationPlatforms) = preSolution
		Debug|Any CPU = Debug|Any CPU
		Debug|x64 = Debug|x64
		Debug|x86 = Debug|x86
		Release|Any CPU = Release|Any CPU
		Release|x64 = Release|x64
		Release|x86 = Release|x86
	EndGlobalSection
	GlobalSection(ProjectConfigurationPlatforms) = postSolution
		{A42EA4CF-C33E-4030-ABCE-48396D9A4336}.Debug|Any CPU.ActiveCfg = Debug|Any CPU
		{A42EA4CF-C33E-4030-ABCE-48396D9A4336}.Debug|Any CPU.Build.0 = Debug|Any CPU
		{A42EA4CF-C33E-4030-ABCE-48396D9A4336}.Debug|x64.ActiveCfg = Debug|Any CPU
		{A42EA4CF-C33E-4030-ABCE-48396D9A4336}.Debug|x64.Build.0 = Debug|Any CPU
		{A42EA4CF-C33E-4030-ABCE-48396D9A4336}.Debug|x86.ActiveCfg = Debug|Any CPU
		{A42EA4CF-C33E-4030-ABCE-48396D9A4336}.Debug|x86.Build.0 = Debug|Any CPU
		{A42EA4CF-C33E-4030-ABCE-48396D9A4336}.Release|Any CPU.ActiveCfg = Release|Any CPU
		{A42EA4CF-C33E-4030-ABCE-48396D9A4336}.Release|Any CPU.Build.0 = Release|Any CPU
		{A42EA4CF-C33E-4030-ABCE-48396D9A4336}.Release|x64.ActiveCfg = Release|Any CPU
		{A42EA4CF-C33E-4030-ABCE-48396D9A4336}.Release|x64.Build.0 = Release|Any CPU
		{A42EA4CF-C33E-4030-ABCE-48396D9A4336}.Release|x86.ActiveCfg = Release|Any CPU
		{A42EA4CF-C33E-4030-ABCE-48396D9A4336}.Release|x86.Build.0 = Release|Any CPU
		{60051A8B-8709-4B48-9BFD-9ABEC5388076}.Debug|Any CPU.ActiveCfg = Debug|Any CPU
		{60051A8B-8709-4B48-9BFD-9ABEC5388076}.Debug|Any CPU.Build.0 = Debug|Any CPU
		{60051A8B-8709-4B48-9BFD-9ABEC5388076}.Debug|x64.ActiveCfg = Debug|Any CPU
		{60051A8B-8709-4B48-9BFD-9ABEC5388076}.Debug|x64.Build.0 = Debug|Any CPU
		{60051A8B-8709-4B48-9BFD-9ABEC5388076}.Debug|x86.ActiveCfg = Debug|Any CPU
		{60051A8B-8709-4B48-9BFD-9ABEC5388076}.Debug|x86.Build.0 = Debug|Any CPU
		{60051A8B-8709-4B48-9BFD-9ABEC5388076}.Release|Any CPU.ActiveCfg = Release|Any CPU
		{60051A8B-8709-4B48-9BFD-9ABEC5388076}.Release|Any CPU.Build.0 = Release|Any CPU
		{60051A8B-8709-4B48-9BFD-9ABEC5388076}.Release|x64.ActiveCfg = Release|Any CPU
		{60051A8B-8709-4B48-9BFD-9ABEC5388076}.Release|x64.Build.0 = Release|Any CPU
		{60051A8B-8709-4B48-9BFD-9ABEC5388076}.Release|x86.ActiveCfg = Release|Any CPU
		{60051A8B-8709-4B48-9BFD-9ABEC5388076}.Release|x86.Build.0 = Release|Any CPU
		{2AF7B49F-6956-40A0-948C-5EEE8FB96A87}.Debug|Any CPU.ActiveCfg = Debug|Any CPU
		{2AF7B49F-6956-40A0-948C-5EEE8FB96A87}.Debug|Any CPU.Build.0 = Debug|Any CPU
		{2AF7B49F-6956-40A0-948C-5EEE8FB96A87}.Debug|x64.ActiveCfg = Debug|Any CPU
		{2AF7B49F-6956-40A0-948C-5EEE8FB96A87}.Debug|x64.Build.0 = Debug|Any CPU
		{2AF7B49F-6956-40A0-948C-5EEE8FB96A87}.Debug|x86.ActiveCfg = Debug|Any CPU
		{2AF7B49F-6956-40A0-948C-5EEE8FB96A87}.Debug|x86.Build.0 = Debug|Any CPU
		{2AF7B49F-6956-40A0-948C-5EEE8FB96A87}.Release|Any CPU.ActiveCfg = Release|Any CPU
		{2AF7B49F-6956-40A0-948C-5EEE8FB96A87}.Release|Any CPU.Build.0 = Release|Any CPU
		{2AF7B49F-6956-40A0-948C-5EEE8FB96A87}.Release|x64.ActiveCfg = Release|Any CPU
		{2AF7B49F-6956-40A0-948C-5EEE8FB96A87}.Release|x64.Build.0 = Release|Any CPU
		{2AF7B49F-6956-40A0-948C-5EEE8FB96A87}.Release|x86.ActiveCfg = Release|Any CPU
		{2AF7B49F-6956-40A0-948C-5EEE8FB96A87}.Release|x86.Build.0 = Release|Any CPU
		{1F006D55-66C1-459D-9BE7-651E90A11865}.Debug|Any CPU.ActiveCfg = Debug|Any CPU
		{1F006D55-66C1-459D-9BE7-651E90A11865}.Debug|Any CPU.Build.0 = Debug|Any CPU
		{1F006D55-66C1-459D-9BE7-651E90A11865}.Debug|x64.ActiveCfg = Debug|Any CPU
		{1F006D55-66C1-459D-9BE7-651E90A11865}.Debug|x64.Build.0 = Debug|Any CPU
		{1F006D55-66C1-459D-9BE7-651E90A11865}.Debug|x86.ActiveCfg = Debug|Any CPU
		{1F006D55-66C1-459D-9BE7-651E90A11865}.Debug|x86.Build.0 = Debug|Any CPU
		{1F006D55-66C1-459D-9BE7-651E90A11865}.Release|Any CPU.ActiveCfg = Release|Any CPU
		{1F006D55-66C1-459D-9BE7-651E90A11865}.Release|Any CPU.Build.0 = Release|Any CPU
		{1F006D55-66C1-459D-9BE7-651E90A11865}.Release|x64.ActiveCfg = Release|Any CPU
		{1F006D55-66C1-459D-9BE7-651E90A11865}.Release|x64.Build.0 = Release|Any CPU
		{1F006D55-66C1-459D-9BE7-651E90A11865}.Release|x86.ActiveCfg = Release|Any CPU
		{1F006D55-66C1-459D-9BE7-651E90A11865}.Release|x86.Build.0 = Release|Any CPU
		{E4A9DA2F-57A2-41E3-8560-BDAA0AAE94C7}.Debug|Any CPU.ActiveCfg = Debug|Any CPU
		{E4A9DA2F-57A2-41E3-8560-BDAA0AAE94C7}.Debug|Any CPU.Build.0 = Debug|Any CPU
		{E4A9DA2F-57A2-41E3-8560-BDAA0AAE94C7}.Debug|x64.ActiveCfg = Debug|Any CPU
		{E4A9DA2F-57A2-41E3-8560-BDAA0AAE94C7}.Debug|x64.Build.0 = Debug|Any CPU
		{E4A9DA2F-57A2-41E3-8560-BDAA0AAE94C7}.Debug|x86.ActiveCfg = Debug|Any CPU
		{E4A9DA2F-57A2-41E3-8560-BDAA0AAE94C7}.Debug|x86.Build.0 = Debug|Any CPU
		{E4A9DA2F-57A2-41E3-8560-BDAA0AAE94C7}.Release|Any CPU.ActiveCfg = Release|Any CPU
		{E4A9DA2F-57A2-41E3-8560-BDAA0AAE94C7}.Release|Any CPU.Build.0 = Release|Any CPU
		{E4A9DA2F-57A2-41E3-8560-BDAA0AAE94C7}.Release|x64.ActiveCfg = Release|Any CPU
		{E4A9DA2F-57A2-41E3-8560-BDAA0AAE94C7}.Release|x64.Build.0 = Release|Any CPU
		{E4A9DA2F-57A2-41E3-8560-BDAA0AAE94C7}.Release|x86.ActiveCfg = Release|Any CPU
		{E4A9DA2F-57A2-41E3-8560-BDAA0AAE94C7}.Release|x86.Build.0 = Release|Any CPU
		{F9964618-EBAD-4002-B80D-AA7E6AD61B85}.Debug|Any CPU.ActiveCfg = Debug|Any CPU
		{F9964618-EBAD-4002-B80D-AA7E6AD61B85}.Debug|Any CPU.Build.0 = Debug|Any CPU
		{F9964618-EBAD-4002-B80D-AA7E6AD61B85}.Debug|x64.ActiveCfg = Debug|Any CPU
		{F9964618-EBAD-4002-B80D-AA7E6AD61B85}.Debug|x64.Build.0 = Debug|Any CPU
		{F9964618-EBAD-4002-B80D-AA7E6AD61B85}.Debug|x86.ActiveCfg = Debug|Any CPU
		{F9964618-EBAD-4002-B80D-AA7E6AD61B85}.Debug|x86.Build.0 = Debug|Any CPU
		{F9964618-EBAD-4002-B80D-AA7E6AD61B85}.Release|Any CPU.ActiveCfg = Release|Any CPU
		{F9964618-EBAD-4002-B80D-AA7E6AD61B85}.Release|Any CPU.Build.0 = Release|Any CPU
		{F9964618-EBAD-4002-B80D-AA7E6AD61B85}.Release|x64.ActiveCfg = Release|Any CPU
		{F9964618-EBAD-4002-B80D-AA7E6AD61B85}.Release|x64.Build.0 = Release|Any CPU
		{F9964618-EBAD-4002-B80D-AA7E6AD61B85}.Release|x86.ActiveCfg = Release|Any CPU
		{F9964618-EBAD-4002-B80D-AA7E6AD61B85}.Release|x86.Build.0 = Release|Any CPU
		{E133A8D5-B979-44C0-BE71-B3CFE55C39AA}.Debug|Any CPU.ActiveCfg = Debug|Any CPU
		{E133A8D5-B979-44C0-BE71-B3CFE55C39AA}.Debug|Any CPU.Build.0 = Debug|Any CPU
		{E133A8D5-B979-44C0-BE71-B3CFE55C39AA}.Debug|x64.ActiveCfg = Debug|Any CPU
		{E133A8D5-B979-44C0-BE71-B3CFE55C39AA}.Debug|x64.Build.0 = Debug|Any CPU
		{E133A8D5-B979-44C0-BE71-B3CFE55C39AA}.Debug|x86.ActiveCfg = Debug|Any CPU
		{E133A8D5-B979-44C0-BE71-B3CFE55C39AA}.Debug|x86.Build.0 = Debug|Any CPU
		{E133A8D5-B979-44C0-BE71-B3CFE55C39AA}.Release|Any CPU.ActiveCfg = Release|Any CPU
		{E133A8D5-B979-44C0-BE71-B3CFE55C39AA}.Release|Any CPU.Build.0 = Release|Any CPU
		{E133A8D5-B979-44C0-BE71-B3CFE55C39AA}.Release|x64.ActiveCfg = Release|Any CPU
		{E133A8D5-B979-44C0-BE71-B3CFE55C39AA}.Release|x64.Build.0 = Release|Any CPU
		{E133A8D5-B979-44C0-BE71-B3CFE55C39AA}.Release|x86.ActiveCfg = Release|Any CPU
		{E133A8D5-B979-44C0-BE71-B3CFE55C39AA}.Release|x86.Build.0 = Release|Any CPU
	EndGlobalSection
	GlobalSection(SolutionProperties) = preSolution
		HideSolutionNode = FALSE
	EndGlobalSection
	GlobalSection(NestedProjects) = preSolution
		{A42EA4CF-C33E-4030-ABCE-48396D9A4336} = {827E0CD3-B72D-47B6-A68D-7590B98EB39B}
		{60051A8B-8709-4B48-9BFD-9ABEC5388076} = {827E0CD3-B72D-47B6-A68D-7590B98EB39B}
		{2AF7B49F-6956-40A0-948C-5EEE8FB96A87} = {827E0CD3-B72D-47B6-A68D-7590B98EB39B}
		{1F006D55-66C1-459D-9BE7-651E90A11865} = {827E0CD3-B72D-47B6-A68D-7590B98EB39B}
		{E4A9DA2F-57A2-41E3-8560-BDAA0AAE94C7} = {827E0CD3-B72D-47B6-A68D-7590B98EB39B}
		{F9964618-EBAD-4002-B80D-AA7E6AD61B85} = {827E0CD3-B72D-47B6-A68D-7590B98EB39B}
		{E133A8D5-B979-44C0-BE71-B3CFE55C39AA} = {827E0CD3-B72D-47B6-A68D-7590B98EB39B}
	EndGlobalSection
EndGlobal
